// !$*UTF8*$!
{
	archiveVersion = 1;
	classes = {
	};
	objectVersion = 56;
	objects = {

/* Begin PBXBuildFile section */
		87026F042A09E4CE00B710D0 /* AppDelegate.swift in Sources */ = {isa = PBXBuildFile; fileRef = 87026F032A09E4CE00B710D0 /* AppDelegate.swift */; };
		87026F062A09E4CE00B710D0 /* SceneDelegate.swift in Sources */ = {isa = PBXBuildFile; fileRef = 87026F052A09E4CE00B710D0 /* SceneDelegate.swift */; };
		87026F082A09E4CE00B710D0 /* ViewController.swift in Sources */ = {isa = PBXBuildFile; fileRef = 87026F072A09E4CE00B710D0 /* ViewController.swift */; };
		87026F0B2A09E4CE00B710D0 /* Main.storyboard in Resources */ = {isa = PBXBuildFile; fileRef = 87026F092A09E4CE00B710D0 /* Main.storyboard */; };
		87026F0D2A09E4D000B710D0 /* Assets.xcassets in Resources */ = {isa = PBXBuildFile; fileRef = 87026F0C2A09E4D000B710D0 /* Assets.xcassets */; };
		87026F102A09E4D000B710D0 /* LaunchScreen.storyboard in Resources */ = {isa = PBXBuildFile; fileRef = 87026F0E2A09E4D000B710D0 /* LaunchScreen.storyboard */; };
		87026F5D2A09F09D00B710D0 /* FlipMobileTests.swift in Sources */ = {isa = PBXBuildFile; fileRef = 87026F5C2A09F09D00B710D0 /* FlipMobileTests.swift */; };
		87026F942A09F16800B710D0 /* ReplayKit.framework in Frameworks */ = {isa = PBXBuildFile; fileRef = 87026F932A09F16800B710D0 /* ReplayKit.framework */; };
		87026F972A09F16800B710D0 /* SampleHandler.swift in Sources */ = {isa = PBXBuildFile; fileRef = 87026F962A09F16800B710D0 /* SampleHandler.swift */; };
		87026F9B2A09F16800B710D0 /* FlipMobileUploadExtension.appex in Embed Foundation Extensions */ = {isa = PBXBuildFile; fileRef = 87026F912A09F16800B710D0 /* FlipMobileUploadExtension.appex */; settings = {ATTRIBUTES = (RemoveHeadersOnCopy, ); }; };
		877A1E072A0B9EF4003D1E8D /* AMSMB2.xcframework in Frameworks */ = {isa = PBXBuildFile; fileRef = 877A1DFE2A0B9EB4003D1E8D /* AMSMB2.xcframework */; };
		877A1E082A0B9EF4003D1E8D /* AMSMB2.xcframework in Embed Frameworks */ = {isa = PBXBuildFile; fileRef = 877A1DFE2A0B9EB4003D1E8D /* AMSMB2.xcframework */; settings = {ATTRIBUTES = (RemoveHeadersOnCopy, ); }; };
		877A1E092A0B9EF9003D1E8D /* Lottie.xcframework in Frameworks */ = {isa = PBXBuildFile; fileRef = 877A1DF82A0B9EB3003D1E8D /* Lottie.xcframework */; };
		877A1E0A2A0B9EFA003D1E8D /* Lottie.xcframework in Embed Frameworks */ = {isa = PBXBuildFile; fileRef = 877A1DF82A0B9EB3003D1E8D /* Lottie.xcframework */; settings = {ATTRIBUTES = (RemoveHeadersOnCopy, ); }; };
		877A1E0B2A0B9EFC003D1E8D /* Nimble.xcframework in Frameworks */ = {isa = PBXBuildFile; fileRef = 877A1DFF2A0B9EB5003D1E8D /* Nimble.xcframework */; };
		877A1E0C2A0B9EFC003D1E8D /* Nimble.xcframework in Embed Frameworks */ = {isa = PBXBuildFile; fileRef = 877A1DFF2A0B9EB5003D1E8D /* Nimble.xcframework */; settings = {ATTRIBUTES = (RemoveHeadersOnCopy, ); }; };
		877A1E0F2A0B9F01003D1E8D /* Reachability.xcframework in Frameworks */ = {isa = PBXBuildFile; fileRef = 877A1DF72A0B9EB3003D1E8D /* Reachability.xcframework */; };
		877A1E102A0B9F02003D1E8D /* Reachability.xcframework in Embed Frameworks */ = {isa = PBXBuildFile; fileRef = 877A1DF72A0B9EB3003D1E8D /* Reachability.xcframework */; settings = {ATTRIBUTES = (RemoveHeadersOnCopy, ); }; };
		877A1E112A0B9F04003D1E8D /* SocketIO.xcframework in Frameworks */ = {isa = PBXBuildFile; fileRef = 877A1DF62A0B9EB2003D1E8D /* SocketIO.xcframework */; };
		877A1E122A0B9F04003D1E8D /* SocketIO.xcframework in Embed Frameworks */ = {isa = PBXBuildFile; fileRef = 877A1DF62A0B9EB2003D1E8D /* SocketIO.xcframework */; settings = {ATTRIBUTES = (RemoveHeadersOnCopy, ); }; };
		877A1E132A0B9F41003D1E8D /* Starscream.xcframework in Frameworks */ = {isa = PBXBuildFile; fileRef = 877A1DFD2A0B9EB4003D1E8D /* Starscream.xcframework */; };
		877A1E142A0B9F42003D1E8D /* Starscream.xcframework in Embed Frameworks */ = {isa = PBXBuildFile; fileRef = 877A1DFD2A0B9EB4003D1E8D /* Starscream.xcframework */; settings = {ATTRIBUTES = (RemoveHeadersOnCopy, ); }; };
/* End PBXBuildFile section */

/* Begin PBXContainerItemProxy section */
		87026F5E2A09F09D00B710D0 /* PBXContainerItemProxy */ = {
			isa = PBXContainerItemProxy;
			containerPortal = 87026EF82A09E4CE00B710D0 /* Project object */;
			proxyType = 1;
			remoteGlobalIDString = 87026EFF2A09E4CE00B710D0;
			remoteInfo = FlipMobile;
		};
		87026F992A09F16800B710D0 /* PBXContainerItemProxy */ = {
			isa = PBXContainerItemProxy;
			containerPortal = 87026EF82A09E4CE00B710D0 /* Project object */;
			proxyType = 1;
			remoteGlobalIDString = 87026F902A09F16800B710D0;
			remoteInfo = FlipMobileUploadExtension;
		};
/* End PBXContainerItemProxy section */

/* Begin PBXCopyFilesBuildPhase section */
		87026F9F2A09F16800B710D0 /* Embed Foundation Extensions */ = {
			isa = PBXCopyFilesBuildPhase;
			buildActionMask = 2147483647;
			dstPath = "";
			dstSubfolderSpec = 13;
			files = (
				87026F9B2A09F16800B710D0 /* FlipMobileUploadExtension.appex in Embed Foundation Extensions */,
			);
			name = "Embed Foundation Extensions";
			runOnlyForDeploymentPostprocessing = 0;
		};
		875927CE2A0B7324007DE2E9 /* Embed Frameworks */ = {
			isa = PBXCopyFilesBuildPhase;
			buildActionMask = 2147483647;
			dstPath = "";
			dstSubfolderSpec = 10;
			files = (
				877A1E0C2A0B9EFC003D1E8D /* Nimble.xcframework in Embed Frameworks */,
				877A1E102A0B9F02003D1E8D /* Reachability.xcframework in Embed Frameworks */,
				877A1E122A0B9F04003D1E8D /* SocketIO.xcframework in Embed Frameworks */,
				877A1E142A0B9F42003D1E8D /* Starscream.xcframework in Embed Frameworks */,
				877A1E0A2A0B9EFA003D1E8D /* Lottie.xcframework in Embed Frameworks */,
				877A1E082A0B9EF4003D1E8D /* AMSMB2.xcframework in Embed Frameworks */,
			);
			name = "Embed Frameworks";
			runOnlyForDeploymentPostprocessing = 0;
		};
/* End PBXCopyFilesBuildPhase section */

/* Begin PBXFileReference section */
		87026F002A09E4CE00B710D0 /* FlipMobile.app */ = {isa = PBXFileReference; explicitFileType = wrapper.application; includeInIndex = 0; path = FlipMobile.app; sourceTree = BUILT_PRODUCTS_DIR; };
		87026F032A09E4CE00B710D0 /* AppDelegate.swift */ = {isa = PBXFileReference; lastKnownFileType = sourcecode.swift; path = AppDelegate.swift; sourceTree = "<group>"; };
		87026F052A09E4CE00B710D0 /* SceneDelegate.swift */ = {isa = PBXFileReference; lastKnownFileType = sourcecode.swift; path = SceneDelegate.swift; sourceTree = "<group>"; };
		87026F072A09E4CE00B710D0 /* ViewController.swift */ = {isa = PBXFileReference; lastKnownFileType = sourcecode.swift; path = ViewController.swift; sourceTree = "<group>"; };
		87026F0A2A09E4CE00B710D0 /* Base */ = {isa = PBXFileReference; lastKnownFileType = file.storyboard; name = Base; path = Base.lproj/Main.storyboard; sourceTree = "<group>"; };
		87026F0C2A09E4D000B710D0 /* Assets.xcassets */ = {isa = PBXFileReference; lastKnownFileType = folder.assetcatalog; path = Assets.xcassets; sourceTree = "<group>"; };
		87026F0F2A09E4D000B710D0 /* Base */ = {isa = PBXFileReference; lastKnownFileType = file.storyboard; name = Base; path = Base.lproj/LaunchScreen.storyboard; sourceTree = "<group>"; };
		87026F112A09E4D000B710D0 /* Info.plist */ = {isa = PBXFileReference; lastKnownFileType = text.plist.xml; path = Info.plist; sourceTree = "<group>"; };
		87026F5A2A09F09D00B710D0 /* FlipMobileTests.xctest */ = {isa = PBXFileReference; explicitFileType = wrapper.cfbundle; includeInIndex = 0; path = FlipMobileTests.xctest; sourceTree = BUILT_PRODUCTS_DIR; };
		87026F5C2A09F09D00B710D0 /* FlipMobileTests.swift */ = {isa = PBXFileReference; lastKnownFileType = sourcecode.swift; path = FlipMobileTests.swift; sourceTree = "<group>"; };
		87026F912A09F16800B710D0 /* FlipMobileUploadExtension.appex */ = {isa = PBXFileReference; explicitFileType = "wrapper.app-extension"; includeInIndex = 0; path = FlipMobileUploadExtension.appex; sourceTree = BUILT_PRODUCTS_DIR; };
		87026F932A09F16800B710D0 /* ReplayKit.framework */ = {isa = PBXFileReference; lastKnownFileType = wrapper.framework; name = ReplayKit.framework; path = System/Library/Frameworks/ReplayKit.framework; sourceTree = SDKROOT; };
		87026F962A09F16800B710D0 /* SampleHandler.swift */ = {isa = PBXFileReference; lastKnownFileType = sourcecode.swift; path = SampleHandler.swift; sourceTree = "<group>"; };
		87026F982A09F16800B710D0 /* Info.plist */ = {isa = PBXFileReference; lastKnownFileType = text.plist.xml; path = Info.plist; sourceTree = "<group>"; };
		87026FA12A09FD5800B710D0 /* Debug.xcconfig */ = {isa = PBXFileReference; lastKnownFileType = text.xcconfig; path = Debug.xcconfig; sourceTree = "<group>"; };
		87026FA22A09FD6D00B710D0 /* AppStore.xcconfig */ = {isa = PBXFileReference; lastKnownFileType = text.xcconfig; path = AppStore.xcconfig; sourceTree = "<group>"; };
		877A1DF62A0B9EB2003D1E8D /* SocketIO.xcframework */ = {isa = PBXFileReference; lastKnownFileType = wrapper.xcframework; name = SocketIO.xcframework; path = ../Carthage/Build/SocketIO.xcframework; sourceTree = "<group>"; };
		877A1DF72A0B9EB3003D1E8D /* Reachability.xcframework */ = {isa = PBXFileReference; lastKnownFileType = wrapper.xcframework; name = Reachability.xcframework; path = ../Carthage/Build/Reachability.xcframework; sourceTree = "<group>"; };
		877A1DF82A0B9EB3003D1E8D /* Lottie.xcframework */ = {isa = PBXFileReference; lastKnownFileType = wrapper.xcframework; name = Lottie.xcframework; path = ../Carthage/Build/Lottie.xcframework; sourceTree = "<group>"; };
		877A1DFB2A0B9EB4003D1E8D /* AMSMB2.framework.dSYM */ = {isa = PBXFileReference; lastKnownFileType = wrapper.dsym; path = AMSMB2.framework.dSYM; sourceTree = "<group>"; };
		877A1DFC2A0B9EB4003D1E8D /* AMSMB2.framework */ = {isa = PBXFileReference; lastKnownFileType = wrapper.framework; path = AMSMB2.framework; sourceTree = "<group>"; };
		877A1DFD2A0B9EB4003D1E8D /* Starscream.xcframework */ = {isa = PBXFileReference; lastKnownFileType = wrapper.xcframework; name = Starscream.xcframework; path = ../Carthage/Build/Starscream.xcframework; sourceTree = "<group>"; };
		877A1DFE2A0B9EB4003D1E8D /* AMSMB2.xcframework */ = {isa = PBXFileReference; lastKnownFileType = wrapper.xcframework; name = AMSMB2.xcframework; path = ../Carthage/Build/AMSMB2.xcframework; sourceTree = "<group>"; };
		877A1DFF2A0B9EB5003D1E8D /* Nimble.xcframework */ = {isa = PBXFileReference; lastKnownFileType = wrapper.xcframework; name = Nimble.xcframework; path = ../Carthage/Build/Nimble.xcframework; sourceTree = "<group>"; };
/* End PBXFileReference section */

/* Begin PBXFrameworksBuildPhase section */
		87026EFD2A09E4CE00B710D0 /* Frameworks */ = {
			isa = PBXFrameworksBuildPhase;
			buildActionMask = 2147483647;
			files = (
				877A1E092A0B9EF9003D1E8D /* Lottie.xcframework in Frameworks */,
				877A1E0F2A0B9F01003D1E8D /* Reachability.xcframework in Frameworks */,
				877A1E072A0B9EF4003D1E8D /* AMSMB2.xcframework in Frameworks */,
				877A1E132A0B9F41003D1E8D /* Starscream.xcframework in Frameworks */,
				877A1E112A0B9F04003D1E8D /* SocketIO.xcframework in Frameworks */,
				877A1E0B2A0B9EFC003D1E8D /* Nimble.xcframework in Frameworks */,
			);
			runOnlyForDeploymentPostprocessing = 0;
		};
		87026F572A09F09D00B710D0 /* Frameworks */ = {
			isa = PBXFrameworksBuildPhase;
			buildActionMask = 2147483647;
			files = (
			);
			runOnlyForDeploymentPostprocessing = 0;
		};
		87026F8E2A09F16800B710D0 /* Frameworks */ = {
			isa = PBXFrameworksBuildPhase;
			buildActionMask = 2147483647;
			files = (
				87026F942A09F16800B710D0 /* ReplayKit.framework in Frameworks */,
			);
			runOnlyForDeploymentPostprocessing = 0;
		};
/* End PBXFrameworksBuildPhase section */

/* Begin PBXGroup section */
		87026EF72A09E4CE00B710D0 = {
			isa = PBXGroup;
			children = (
				87026FA02A09FC9000B710D0 /* Config */,
				87026F022A09E4CE00B710D0 /* FlipMobile */,
				87026F5B2A09F09D00B710D0 /* FlipMobileTests */,
				87026F952A09F16800B710D0 /* FlipMobileUploadExtension */,
				87026F922A09F16800B710D0 /* Frameworks */,
				87026F012A09E4CE00B710D0 /* Products */,
			);
			sourceTree = "<group>";
		};
		87026F012A09E4CE00B710D0 /* Products */ = {
			isa = PBXGroup;
			children = (
				87026F002A09E4CE00B710D0 /* FlipMobile.app */,
				87026F5A2A09F09D00B710D0 /* FlipMobileTests.xctest */,
				87026F912A09F16800B710D0 /* FlipMobileUploadExtension.appex */,
			);
			name = Products;
			sourceTree = "<group>";
		};
		87026F022A09E4CE00B710D0 /* FlipMobile */ = {
			isa = PBXGroup;
			children = (
				87026F032A09E4CE00B710D0 /* AppDelegate.swift */,
				87026F052A09E4CE00B710D0 /* SceneDelegate.swift */,
				87026F072A09E4CE00B710D0 /* ViewController.swift */,
				87026F092A09E4CE00B710D0 /* Main.storyboard */,
				87026F0C2A09E4D000B710D0 /* Assets.xcassets */,
				87026F0E2A09E4D000B710D0 /* LaunchScreen.storyboard */,
				87026F112A09E4D000B710D0 /* Info.plist */,
			);
			path = FlipMobile;
			sourceTree = "<group>";
		};
		87026F5B2A09F09D00B710D0 /* FlipMobileTests */ = {
			isa = PBXGroup;
			children = (
				87026F5C2A09F09D00B710D0 /* FlipMobileTests.swift */,
			);
			path = FlipMobileTests;
			sourceTree = "<group>";
		};
		87026F922A09F16800B710D0 /* Frameworks */ = {
			isa = PBXGroup;
			children = (
				877A1DFE2A0B9EB4003D1E8D /* AMSMB2.xcframework */,
				877A1DF82A0B9EB3003D1E8D /* Lottie.xcframework */,
				877A1DFA2A0B9EB4003D1E8D /* Mac */,
				877A1DFF2A0B9EB5003D1E8D /* Nimble.xcframework */,
				877A1DF72A0B9EB3003D1E8D /* Reachability.xcframework */,
				877A1DF62A0B9EB2003D1E8D /* SocketIO.xcframework */,
				877A1DFD2A0B9EB4003D1E8D /* Starscream.xcframework */,
				87026F932A09F16800B710D0 /* ReplayKit.framework */,
			);
			name = Frameworks;
			sourceTree = "<group>";
		};
		87026F952A09F16800B710D0 /* FlipMobileUploadExtension */ = {
			isa = PBXGroup;
			children = (
				87026F962A09F16800B710D0 /* SampleHandler.swift */,
				87026F982A09F16800B710D0 /* Info.plist */,
			);
			path = FlipMobileUploadExtension;
			sourceTree = "<group>";
		};
		87026FA02A09FC9000B710D0 /* Config */ = {
			isa = PBXGroup;
			children = (
				87026FA12A09FD5800B710D0 /* Debug.xcconfig */,
				87026FA22A09FD6D00B710D0 /* AppStore.xcconfig */,
			);
			path = Config;
			sourceTree = "<group>";
		};
		877A1DFA2A0B9EB4003D1E8D /* Mac */ = {
			isa = PBXGroup;
			children = (
				877A1DFB2A0B9EB4003D1E8D /* AMSMB2.framework.dSYM */,
				877A1DFC2A0B9EB4003D1E8D /* AMSMB2.framework */,
			);
			name = Mac;
			path = ../Carthage/Build/Mac;
			sourceTree = "<group>";
		};
/* End PBXGroup section */

/* Begin PBXNativeTarget section */
		87026EFF2A09E4CE00B710D0 /* FlipMobile */ = {
			isa = PBXNativeTarget;
			buildConfigurationList = 87026F142A09E4D000B710D0 /* Build configuration list for PBXNativeTarget "FlipMobile" */;
			buildPhases = (
				87026EFC2A09E4CE00B710D0 /* Sources */,
				87026EFD2A09E4CE00B710D0 /* Frameworks */,
				87026EFE2A09E4CE00B710D0 /* Resources */,
				87026F9F2A09F16800B710D0 /* Embed Foundation Extensions */,
				875927CE2A0B7324007DE2E9 /* Embed Frameworks */,
			);
			buildRules = (
			);
			dependencies = (
				87026F9A2A09F16800B710D0 /* PBXTargetDependency */,
			);
			name = FlipMobile;
			productName = FlipMobile;
			productReference = 87026F002A09E4CE00B710D0 /* FlipMobile.app */;
			productType = "com.apple.product-type.application";
		};
		87026F592A09F09D00B710D0 /* FlipMobileTests */ = {
			isa = PBXNativeTarget;
			buildConfigurationList = 87026F622A09F09D00B710D0 /* Build configuration list for PBXNativeTarget "FlipMobileTests" */;
			buildPhases = (
				87026F562A09F09D00B710D0 /* Sources */,
				87026F572A09F09D00B710D0 /* Frameworks */,
				87026F582A09F09D00B710D0 /* Resources */,
			);
			buildRules = (
			);
			dependencies = (
				87026F5F2A09F09D00B710D0 /* PBXTargetDependency */,
			);
			name = FlipMobileTests;
			productName = FlipMobileTests;
			productReference = 87026F5A2A09F09D00B710D0 /* FlipMobileTests.xctest */;
			productType = "com.apple.product-type.bundle.unit-test";
		};
		87026F902A09F16800B710D0 /* FlipMobileUploadExtension */ = {
			isa = PBXNativeTarget;
			buildConfigurationList = 87026F9C2A09F16800B710D0 /* Build configuration list for PBXNativeTarget "FlipMobileUploadExtension" */;
			buildPhases = (
				87026F8D2A09F16800B710D0 /* Sources */,
				87026F8E2A09F16800B710D0 /* Frameworks */,
				87026F8F2A09F16800B710D0 /* Resources */,
			);
			buildRules = (
			);
			dependencies = (
			);
			name = FlipMobileUploadExtension;
			productName = FlipMobileUploadExtension;
			productReference = 87026F912A09F16800B710D0 /* FlipMobileUploadExtension.appex */;
			productType = "com.apple.product-type.app-extension";
		};
/* End PBXNativeTarget section */

/* Begin PBXProject section */
		87026EF82A09E4CE00B710D0 /* Project object */ = {
			isa = PBXProject;
			attributes = {
				BuildIndependentTargetsInParallel = 1;
				LastSwiftUpdateCheck = 1420;
				LastUpgradeCheck = 1420;
				TargetAttributes = {
					87026EFF2A09E4CE00B710D0 = {
						CreatedOnToolsVersion = 14.2;
					};
					87026F592A09F09D00B710D0 = {
						CreatedOnToolsVersion = 14.2;
						TestTargetID = 87026EFF2A09E4CE00B710D0;
					};
					87026F902A09F16800B710D0 = {
						CreatedOnToolsVersion = 14.2;
					};
				};
			};
			buildConfigurationList = 87026EFB2A09E4CE00B710D0 /* Build configuration list for PBXProject "FlipMobile" */;
			compatibilityVersion = "Xcode 14.0";
			developmentRegion = en;
			hasScannedForEncodings = 0;
			knownRegions = (
				en,
				Base,
			);
			mainGroup = 87026EF72A09E4CE00B710D0;
			productRefGroup = 87026F012A09E4CE00B710D0 /* Products */;
			projectDirPath = "";
			projectRoot = "";
			targets = (
				87026EFF2A09E4CE00B710D0 /* FlipMobile */,
				87026F592A09F09D00B710D0 /* FlipMobileTests */,
				87026F902A09F16800B710D0 /* FlipMobileUploadExtension */,
			);
		};
/* End PBXProject section */

/* Begin PBXResourcesBuildPhase section */
		87026EFE2A09E4CE00B710D0 /* Resources */ = {
			isa = PBXResourcesBuildPhase;
			buildActionMask = 2147483647;
			files = (
				87026F102A09E4D000B710D0 /* LaunchScreen.storyboard in Resources */,
				87026F0D2A09E4D000B710D0 /* Assets.xcassets in Resources */,
				87026F0B2A09E4CE00B710D0 /* Main.storyboard in Resources */,
			);
			runOnlyForDeploymentPostprocessing = 0;
		};
		87026F582A09F09D00B710D0 /* Resources */ = {
			isa = PBXResourcesBuildPhase;
			buildActionMask = 2147483647;
			files = (
			);
			runOnlyForDeploymentPostprocessing = 0;
		};
		87026F8F2A09F16800B710D0 /* Resources */ = {
			isa = PBXResourcesBuildPhase;
			buildActionMask = 2147483647;
			files = (
			);
			runOnlyForDeploymentPostprocessing = 0;
		};
/* End PBXResourcesBuildPhase section */

/* Begin PBXSourcesBuildPhase section */
		87026EFC2A09E4CE00B710D0 /* Sources */ = {
			isa = PBXSourcesBuildPhase;
			buildActionMask = 2147483647;
			files = (
				87026F082A09E4CE00B710D0 /* ViewController.swift in Sources */,
				87026F042A09E4CE00B710D0 /* AppDelegate.swift in Sources */,
				87026F062A09E4CE00B710D0 /* SceneDelegate.swift in Sources */,
			);
			runOnlyForDeploymentPostprocessing = 0;
		};
		87026F562A09F09D00B710D0 /* Sources */ = {
			isa = PBXSourcesBuildPhase;
			buildActionMask = 2147483647;
			files = (
				87026F5D2A09F09D00B710D0 /* FlipMobileTests.swift in Sources */,
			);
			runOnlyForDeploymentPostprocessing = 0;
		};
		87026F8D2A09F16800B710D0 /* Sources */ = {
			isa = PBXSourcesBuildPhase;
			buildActionMask = 2147483647;
			files = (
				87026F972A09F16800B710D0 /* SampleHandler.swift in Sources */,
			);
			runOnlyForDeploymentPostprocessing = 0;
		};
/* End PBXSourcesBuildPhase section */

/* Begin PBXTargetDependency section */
		87026F5F2A09F09D00B710D0 /* PBXTargetDependency */ = {
			isa = PBXTargetDependency;
			target = 87026EFF2A09E4CE00B710D0 /* FlipMobile */;
			targetProxy = 87026F5E2A09F09D00B710D0 /* PBXContainerItemProxy */;
		};
		87026F9A2A09F16800B710D0 /* PBXTargetDependency */ = {
			isa = PBXTargetDependency;
			target = 87026F902A09F16800B710D0 /* FlipMobileUploadExtension */;
			targetProxy = 87026F992A09F16800B710D0 /* PBXContainerItemProxy */;
		};
/* End PBXTargetDependency section */

/* Begin PBXVariantGroup section */
		87026F092A09E4CE00B710D0 /* Main.storyboard */ = {
			isa = PBXVariantGroup;
			children = (
				87026F0A2A09E4CE00B710D0 /* Base */,
			);
			name = Main.storyboard;
			sourceTree = "<group>";
		};
		87026F0E2A09E4D000B710D0 /* LaunchScreen.storyboard */ = {
			isa = PBXVariantGroup;
			children = (
				87026F0F2A09E4D000B710D0 /* Base */,
			);
			name = LaunchScreen.storyboard;
			sourceTree = "<group>";
		};
/* End PBXVariantGroup section */

/* Begin XCBuildConfiguration section */
		87026F122A09E4D000B710D0 /* Debug */ = {
			isa = XCBuildConfiguration;
			baseConfigurationReference = 87026FA12A09FD5800B710D0 /* Debug.xcconfig */;
			buildSettings = {
				ALWAYS_SEARCH_USER_PATHS = NO;
				CLANG_ANALYZER_NONNULL = YES;
				CLANG_ANALYZER_NUMBER_OBJECT_CONVERSION = YES_AGGRESSIVE;
				CLANG_CXX_LANGUAGE_STANDARD = "gnu++20";
				CLANG_ENABLE_MODULES = YES;
				CLANG_ENABLE_OBJC_ARC = YES;
				CLANG_ENABLE_OBJC_WEAK = YES;
				CLANG_WARN_BLOCK_CAPTURE_AUTORELEASING = YES;
				CLANG_WARN_BOOL_CONVERSION = YES;
				CLANG_WARN_COMMA = YES;
				CLANG_WARN_CONSTANT_CONVERSION = YES;
				CLANG_WARN_DEPRECATED_OBJC_IMPLEMENTATIONS = YES;
				CLANG_WARN_DIRECT_OBJC_ISA_USAGE = YES_ERROR;
				CLANG_WARN_DOCUMENTATION_COMMENTS = YES;
				CLANG_WARN_EMPTY_BODY = YES;
				CLANG_WARN_ENUM_CONVERSION = YES;
				CLANG_WARN_INFINITE_RECURSION = YES;
				CLANG_WARN_INT_CONVERSION = YES;
				CLANG_WARN_NON_LITERAL_NULL_CONVERSION = YES;
				CLANG_WARN_OBJC_IMPLICIT_RETAIN_SELF = YES;
				CLANG_WARN_OBJC_LITERAL_CONVERSION = YES;
				CLANG_WARN_OBJC_ROOT_CLASS = YES_ERROR;
				CLANG_WARN_QUOTED_INCLUDE_IN_FRAMEWORK_HEADER = YES;
				CLANG_WARN_RANGE_LOOP_ANALYSIS = YES;
				CLANG_WARN_STRICT_PROTOTYPES = YES;
				CLANG_WARN_SUSPICIOUS_MOVE = YES;
				CLANG_WARN_UNGUARDED_AVAILABILITY = YES_AGGRESSIVE;
				CLANG_WARN_UNREACHABLE_CODE = YES;
				CLANG_WARN__DUPLICATE_METHOD_MATCH = YES;
				COPY_PHASE_STRIP = NO;
				DEBUG_INFORMATION_FORMAT = dwarf;
				ENABLE_STRICT_OBJC_MSGSEND = YES;
				ENABLE_TESTABILITY = YES;
				GCC_C_LANGUAGE_STANDARD = gnu11;
				GCC_DYNAMIC_NO_PIC = NO;
				GCC_NO_COMMON_BLOCKS = YES;
				GCC_OPTIMIZATION_LEVEL = 0;
				GCC_PREPROCESSOR_DEFINITIONS = (
					"DEBUG=1",
					"$(inherited)",
				);
				GCC_WARN_64_TO_32_BIT_CONVERSION = YES;
				GCC_WARN_ABOUT_RETURN_TYPE = YES_ERROR;
				GCC_WARN_UNDECLARED_SELECTOR = YES;
				GCC_WARN_UNINITIALIZED_AUTOS = YES_AGGRESSIVE;
				GCC_WARN_UNUSED_FUNCTION = YES;
				GCC_WARN_UNUSED_VARIABLE = YES;
				IPHONEOS_DEPLOYMENT_TARGET = 13.0;
				MTL_ENABLE_DEBUG_INFO = INCLUDE_SOURCE;
				MTL_FAST_MATH = YES;
				ONLY_ACTIVE_ARCH = YES;
				SDKROOT = iphoneos;
				SWIFT_ACTIVE_COMPILATION_CONDITIONS = DEBUG;
				SWIFT_OPTIMIZATION_LEVEL = "-Onone";
			};
			name = Debug;
		};
		87026F132A09E4D000B710D0 /* Release */ = {
			isa = XCBuildConfiguration;
			baseConfigurationReference = 87026FA22A09FD6D00B710D0 /* AppStore.xcconfig */;
			buildSettings = {
				ALWAYS_SEARCH_USER_PATHS = NO;
				CLANG_ANALYZER_NONNULL = YES;
				CLANG_ANALYZER_NUMBER_OBJECT_CONVERSION = YES_AGGRESSIVE;
				CLANG_CXX_LANGUAGE_STANDARD = "gnu++20";
				CLANG_ENABLE_MODULES = YES;
				CLANG_ENABLE_OBJC_ARC = YES;
				CLANG_ENABLE_OBJC_WEAK = YES;
				CLANG_WARN_BLOCK_CAPTURE_AUTORELEASING = YES;
				CLANG_WARN_BOOL_CONVERSION = YES;
				CLANG_WARN_COMMA = YES;
				CLANG_WARN_CONSTANT_CONVERSION = YES;
				CLANG_WARN_DEPRECATED_OBJC_IMPLEMENTATIONS = YES;
				CLANG_WARN_DIRECT_OBJC_ISA_USAGE = YES_ERROR;
				CLANG_WARN_DOCUMENTATION_COMMENTS = YES;
				CLANG_WARN_EMPTY_BODY = YES;
				CLANG_WARN_ENUM_CONVERSION = YES;
				CLANG_WARN_INFINITE_RECURSION = YES;
				CLANG_WARN_INT_CONVERSION = YES;
				CLANG_WARN_NON_LITERAL_NULL_CONVERSION = YES;
				CLANG_WARN_OBJC_IMPLICIT_RETAIN_SELF = YES;
				CLANG_WARN_OBJC_LITERAL_CONVERSION = YES;
				CLANG_WARN_OBJC_ROOT_CLASS = YES_ERROR;
				CLANG_WARN_QUOTED_INCLUDE_IN_FRAMEWORK_HEADER = YES;
				CLANG_WARN_RANGE_LOOP_ANALYSIS = YES;
				CLANG_WARN_STRICT_PROTOTYPES = YES;
				CLANG_WARN_SUSPICIOUS_MOVE = YES;
				CLANG_WARN_UNGUARDED_AVAILABILITY = YES_AGGRESSIVE;
				CLANG_WARN_UNREACHABLE_CODE = YES;
				CLANG_WARN__DUPLICATE_METHOD_MATCH = YES;
				COPY_PHASE_STRIP = NO;
				DEBUG_INFORMATION_FORMAT = "dwarf-with-dsym";
				ENABLE_NS_ASSERTIONS = NO;
				ENABLE_STRICT_OBJC_MSGSEND = YES;
				GCC_C_LANGUAGE_STANDARD = gnu11;
				GCC_NO_COMMON_BLOCKS = YES;
				GCC_WARN_64_TO_32_BIT_CONVERSION = YES;
				GCC_WARN_ABOUT_RETURN_TYPE = YES_ERROR;
				GCC_WARN_UNDECLARED_SELECTOR = YES;
				GCC_WARN_UNINITIALIZED_AUTOS = YES_AGGRESSIVE;
				GCC_WARN_UNUSED_FUNCTION = YES;
				GCC_WARN_UNUSED_VARIABLE = YES;
				IPHONEOS_DEPLOYMENT_TARGET = 13.0;
				MTL_ENABLE_DEBUG_INFO = NO;
				MTL_FAST_MATH = YES;
				SDKROOT = iphoneos;
				SWIFT_COMPILATION_MODE = wholemodule;
				SWIFT_OPTIMIZATION_LEVEL = "-O";
				VALIDATE_PRODUCT = YES;
			};
			name = Release;
		};
		87026F152A09E4D000B710D0 /* Debug */ = {
			isa = XCBuildConfiguration;
			baseConfigurationReference = 87026FA12A09FD5800B710D0 /* Debug.xcconfig */;
			buildSettings = {
				ALWAYS_EMBED_SWIFT_STANDARD_LIBRARIES = YES;
				ASSETCATALOG_COMPILER_APPICON_NAME = AppIcon;
				ASSETCATALOG_COMPILER_GLOBAL_ACCENT_COLOR_NAME = AccentColor;
				CODE_SIGN_STYLE = Automatic;
				CURRENT_PROJECT_VERSION = 1;
				DEVELOPMENT_TEAM = 9X6R656Z24;
				GENERATE_INFOPLIST_FILE = YES;
				INFOPLIST_FILE = FlipMobile/Info.plist;
				INFOPLIST_KEY_UIApplicationSupportsIndirectInputEvents = YES;
				INFOPLIST_KEY_UILaunchStoryboardName = LaunchScreen;
				INFOPLIST_KEY_UIMainStoryboardFile = Main;
				INFOPLIST_KEY_UISupportedInterfaceOrientations_iPad = "UIInterfaceOrientationPortrait UIInterfaceOrientationPortraitUpsideDown UIInterfaceOrientationLandscapeLeft UIInterfaceOrientationLandscapeRight";
				INFOPLIST_KEY_UISupportedInterfaceOrientations_iPhone = "UIInterfaceOrientationPortrait UIInterfaceOrientationLandscapeLeft UIInterfaceOrientationLandscapeRight";
				LD_RUNPATH_SEARCH_PATHS = (
					"$(inherited)",
					"@executable_path/Frameworks",
				);
				MARKETING_VERSION = 1.0;
				PRODUCT_BUNDLE_IDENTIFIER = Samsung.FlipMobile;
				PRODUCT_NAME = "$(TARGET_NAME)";
				SWIFT_EMIT_LOC_STRINGS = YES;
				SWIFT_VERSION = 5.0;
				TARGETED_DEVICE_FAMILY = "1,2";
			};
			name = Debug;
		};
		87026F162A09E4D000B710D0 /* Release */ = {
			isa = XCBuildConfiguration;
			baseConfigurationReference = 87026FA22A09FD6D00B710D0 /* AppStore.xcconfig */;
			buildSettings = {
				ALWAYS_EMBED_SWIFT_STANDARD_LIBRARIES = YES;
				ASSETCATALOG_COMPILER_APPICON_NAME = AppIcon;
				ASSETCATALOG_COMPILER_GLOBAL_ACCENT_COLOR_NAME = AccentColor;
				CODE_SIGN_STYLE = Automatic;
				CURRENT_PROJECT_VERSION = 1;
				DEVELOPMENT_TEAM = 9X6R656Z24;
				GENERATE_INFOPLIST_FILE = YES;
				INFOPLIST_FILE = FlipMobile/Info.plist;
				INFOPLIST_KEY_UIApplicationSupportsIndirectInputEvents = YES;
				INFOPLIST_KEY_UILaunchStoryboardName = LaunchScreen;
				INFOPLIST_KEY_UIMainStoryboardFile = Main;
				INFOPLIST_KEY_UISupportedInterfaceOrientations_iPad = "UIInterfaceOrientationPortrait UIInterfaceOrientationPortraitUpsideDown UIInterfaceOrientationLandscapeLeft UIInterfaceOrientationLandscapeRight";
				INFOPLIST_KEY_UISupportedInterfaceOrientations_iPhone = "UIInterfaceOrientationPortrait UIInterfaceOrientationLandscapeLeft UIInterfaceOrientationLandscapeRight";
				LD_RUNPATH_SEARCH_PATHS = (
					"$(inherited)",
					"@executable_path/Frameworks",
				);
				MARKETING_VERSION = 1.0;
				PRODUCT_BUNDLE_IDENTIFIER = Samsung.FlipMobile;
				PRODUCT_NAME = "$(TARGET_NAME)";
				SWIFT_EMIT_LOC_STRINGS = YES;
				SWIFT_VERSION = 5.0;
				TARGETED_DEVICE_FAMILY = "1,2";
			};
			name = Release;
		};
		87026F602A09F09D00B710D0 /* Debug */ = {
			isa = XCBuildConfiguration;
			baseConfigurationReference = 87026FA12A09FD5800B710D0 /* Debug.xcconfig */;
			buildSettings = {
				BUNDLE_LOADER = "$(TEST_HOST)";
				CODE_SIGN_STYLE = Automatic;
				CURRENT_PROJECT_VERSION = 1;
				DEVELOPMENT_TEAM = 9X6R656Z24;
				GENERATE_INFOPLIST_FILE = YES;
				IPHONEOS_DEPLOYMENT_TARGET = 13.0;
				MARKETING_VERSION = 1.0;
				PRODUCT_BUNDLE_IDENTIFIER = Samsung.FlipMobileTests;
				PRODUCT_NAME = "$(TARGET_NAME)";
				SWIFT_EMIT_LOC_STRINGS = NO;
				SWIFT_VERSION = 5.0;
				TARGETED_DEVICE_FAMILY = "1,2";
				TEST_HOST = "$(BUILT_PRODUCTS_DIR)/FlipMobile.app/$(BUNDLE_EXECUTABLE_FOLDER_PATH)/FlipMobile";
			};
			name = Debug;
		};
		87026F612A09F09D00B710D0 /* Release */ = {
			isa = XCBuildConfiguration;
			baseConfigurationReference = 87026FA22A09FD6D00B710D0 /* AppStore.xcconfig */;
			buildSettings = {
				BUNDLE_LOADER = "$(TEST_HOST)";
				CODE_SIGN_STYLE = Automatic;
				CURRENT_PROJECT_VERSION = 1;
				DEVELOPMENT_TEAM = 9X6R656Z24;
				GENERATE_INFOPLIST_FILE = YES;
				IPHONEOS_DEPLOYMENT_TARGET = 13.0;
				MARKETING_VERSION = 1.0;
				PRODUCT_BUNDLE_IDENTIFIER = Samsung.FlipMobileTests;
				PRODUCT_NAME = "$(TARGET_NAME)";
				SWIFT_EMIT_LOC_STRINGS = NO;
				SWIFT_VERSION = 5.0;
				TARGETED_DEVICE_FAMILY = "1,2";
				TEST_HOST = "$(BUILT_PRODUCTS_DIR)/FlipMobile.app/$(BUNDLE_EXECUTABLE_FOLDER_PATH)/FlipMobile";
			};
			name = Release;
		};
		87026F9D2A09F16800B710D0 /* Debug */ = {
			isa = XCBuildConfiguration;
			baseConfigurationReference = 87026FA12A09FD5800B710D0 /* Debug.xcconfig */;
			buildSettings = {
				CODE_SIGN_STYLE = Automatic;
				CURRENT_PROJECT_VERSION = 1;
				DEVELOPMENT_TEAM = 9X6R656Z24;
				GENERATE_INFOPLIST_FILE = YES;
				INFOPLIST_FILE = FlipMobileUploadExtension/Info.plist;
				INFOPLIST_KEY_CFBundleDisplayName = FlipMobileUploadExtension;
				INFOPLIST_KEY_NSHumanReadableCopyright = "";
				IPHONEOS_DEPLOYMENT_TARGET = 13.0;
				LD_RUNPATH_SEARCH_PATHS = (
					"$(inherited)",
					"@executable_path/Frameworks",
					"@executable_path/../../Frameworks",
				);
				MARKETING_VERSION = 1.0;
				PRODUCT_BUNDLE_IDENTIFIER = Samsung.FlipMobile.FlipMobileUploadExtension;
				PRODUCT_NAME = "$(TARGET_NAME)";
				SKIP_INSTALL = YES;
				SWIFT_EMIT_LOC_STRINGS = YES;
				SWIFT_VERSION = 5.0;
				TARGETED_DEVICE_FAMILY = "1,2";
			};
			name = Debug;
		};
		87026F9E2A09F16800B710D0 /* Release */ = {
			isa = XCBuildConfiguration;
			baseConfigurationReference = 87026FA22A09FD6D00B710D0 /* AppStore.xcconfig */;
			buildSettings = {
				CODE_SIGN_STYLE = Automatic;
				CURRENT_PROJECT_VERSION = 1;
				DEVELOPMENT_TEAM = 9X6R656Z24;
				GENERATE_INFOPLIST_FILE = YES;
				INFOPLIST_FILE = FlipMobileUploadExtension/Info.plist;
				INFOPLIST_KEY_CFBundleDisplayName = FlipMobileUploadExtension;
				INFOPLIST_KEY_NSHumanReadableCopyright = "";
				IPHONEOS_DEPLOYMENT_TARGET = 13.0;
				LD_RUNPATH_SEARCH_PATHS = (
					"$(inherited)",
					"@executable_path/Frameworks",
					"@executable_path/../../Frameworks",
				);
				MARKETING_VERSION = 1.0;
				PRODUCT_BUNDLE_IDENTIFIER = Samsung.FlipMobile.FlipMobileUploadExtension;
				PRODUCT_NAME = "$(TARGET_NAME)";
				SKIP_INSTALL = YES;
				SWIFT_EMIT_LOC_STRINGS = YES;
				SWIFT_VERSION = 5.0;
				TARGETED_DEVICE_FAMILY = "1,2";
			};
			name = Release;
		};
/* End XCBuildConfiguration section */

/* Begin XCConfigurationList section */
		87026EFB2A09E4CE00B710D0 /* Build configuration list for PBXProject "FlipMobile" */ = {
			isa = XCConfigurationList;
			buildConfigurations = (
				87026F122A09E4D000B710D0 /* Debug */,
				87026F132A09E4D000B710D0 /* Release */,
			);
			defaultConfigurationIsVisible = 0;
			defaultConfigurationName = Release;
		};
		87026F142A09E4D000B710D0 /* Build configuration list for PBXNativeTarget "FlipMobile" */ = {
			isa = XCConfigurationList;
			buildConfigurations = (
				87026F152A09E4D000B710D0 /* Debug */,
				87026F162A09E4D000B710D0 /* Release */,
			);
			defaultConfigurationIsVisible = 0;
			defaultConfigurationName = Release;
		};
		87026F622A09F09D00B710D0 /* Build configuration list for PBXNativeTarget "FlipMobileTests" */ = {
			isa = XCConfigurationList;
			buildConfigurations = (
				87026F602A09F09D00B710D0 /* Debug */,
				87026F612A09F09D00B710D0 /* Release */,
			);
			defaultConfigurationIsVisible = 0;
			defaultConfigurationName = Release;
		};
		87026F9C2A09F16800B710D0 /* Build configuration list for PBXNativeTarget "FlipMobileUploadExtension" */ = {
			isa = XCConfigurationList;
			buildConfigurations = (
				87026F9D2A09F16800B710D0 /* Debug */,
				87026F9E2A09F16800B710D0 /* Release */,
			);
			defaultConfigurationIsVisible = 0;
			defaultConfigurationName = Release;
		};
/* End XCConfigurationList section */
	};
	rootObject = 87026EF82A09E4CE00B710D0 /* Project object */;
}
